
Microsoft Visual Studio Solution File, Format Version 12.00
# Visual Studio Version 16
VisualStudioVersion = 16.0.31624.102
MinimumVisualStudioVersion = 10.0.40219.1
Project("{FAE04EC0-301F-11D3-BF4B-00C04F79EFBC}") = "RedisChat", "RedisChat\RedisChat.csproj", "{C9F1E344-8CCC-45F2-A220-87F8DE958DE1}"
EndProject
Global
	GlobalSection(SolutionConfigurationPlatforms) = preSolution
		Debug|Any CPU = Debug|Any CPU
		Release|Any CPU = Release|Any CPU
	EndGlobalSection
	GlobalSection(ProjectConfigurationPlatforms) = postSolution
		{C9F1E344-8CCC-45F2-A220-87F8DE958DE1}.Debug|Any CPU.ActiveCfg = Debug|Any CPU
		{C9F1E344-8CCC-45F2-A220-87F8DE958DE1}.Debug|Any CPU.Build.0 = Debug|Any CPU
		{C9F1E344-8CCC-45F2-A220-87F8DE958DE1}.Release|Any CPU.ActiveCfg = Release|Any CPU
		{C9F1E344-8CCC-45F2-A220-87F8DE958DE1}.Release|Any CPU.Build.0 = Release|Any CPU
	EndGlobalSection
	GlobalSection(SolutionProperties) = preSolution
		HideSolutionNode = FALSE
	EndGlobalSection
	GlobalSection(ExtensibilityGlobals) = postSolution
		SolutionGuid = {BB325E22-B131-452E-9826-39E9882491B0}
	EndGlobalSection
EndGlobal
